
Microsoft Visual Studio Solution File, Format Version 12.00
Project("{FAE04EC0-301F-11D3-BF4B-00C04F79EFBC}") = "BrowserSelector", "BrowserSelector\BrowserSelector.csproj", "{6D92815A-9B20-4F8B-9AAD-0FDF3FA1E0EA}"
EndProject
Global
	GlobalSection(SolutionConfigurationPlatforms) = preSolution
		Debug|Any CPU = Debug|Any CPU
		Release|Any CPU = Release|Any CPU
	EndGlobalSection
	GlobalSection(ProjectConfigurationPlatforms) = postSolution
		{6D92815A-9B20-4F8B-9AAD-0FDF3FA1E0EA}.Debug|Any CPU.ActiveCfg = Debug|Any CPU
		{6D92815A-9B20-4F8B-9AAD-0FDF3FA1E0EA}.Debug|Any CPU.Build.0 = Debug|Any CPU
		{6D92815A-9B20-4F8B-9AAD-0FDF3FA1E0EA}.Release|Any CPU.ActiveCfg = Release|Any CPU
		{6D92815A-9B20-4F8B-9AAD-0FDF3FA1E0EA}.Release|Any CPU.Build.0 = Release|Any CPU
	EndGlobalSection
EndGlobal
